// !$*UTF8*$!
{
	archiveVersion = 1;
	classes = {
	};
	objectVersion = 50;
	objects = {

/* Begin PBXBuildFile section */
		2E20D0902167F322009BC085 /* LogInViewModel.swift in Sources */ = {isa = PBXBuildFile; fileRef = 2E20D08F2167F322009BC085 /* LogInViewModel.swift */; };
		2E27C7C6218F891600C57636 /* DesignViewModel.swift in Sources */ = {isa = PBXBuildFile; fileRef = 2E27C7C5218F891600C57636 /* DesignViewModel.swift */; };
		2E27C7C8218F898900C57636 /* DesignModel.swift in Sources */ = {isa = PBXBuildFile; fileRef = 2E27C7C7218F898900C57636 /* DesignModel.swift */; };
		2E9EAF76216B5D06004B173F /* GoogleService-Info.plist in Resources */ = {isa = PBXBuildFile; fileRef = 2E9EAF75216B5D06004B173F /* GoogleService-Info.plist */; };
		2EC637E621672955009FE6EB /* AppDelegate.swift in Sources */ = {isa = PBXBuildFile; fileRef = 2EC637E521672955009FE6EB /* AppDelegate.swift */; };
		2EC637EB21672955009FE6EB /* Main.storyboard in Resources */ = {isa = PBXBuildFile; fileRef = 2EC637E921672955009FE6EB /* Main.storyboard */; };
		2EC637EE21672955009FE6EB /* FurnitureFuture.xcdatamodeld in Sources */ = {isa = PBXBuildFile; fileRef = 2EC637EC21672955009FE6EB /* FurnitureFuture.xcdatamodeld */; };
		2EC637F021672956009FE6EB /* Assets.xcassets in Resources */ = {isa = PBXBuildFile; fileRef = 2EC637EF21672956009FE6EB /* Assets.xcassets */; };
		2EC637F321672956009FE6EB /* LaunchScreen.storyboard in Resources */ = {isa = PBXBuildFile; fileRef = 2EC637F121672956009FE6EB /* LaunchScreen.storyboard */; };
		2EC637FE21674B66009FE6EB /* ButtonFrames.swift in Sources */ = {isa = PBXBuildFile; fileRef = 2EC637FD21674B66009FE6EB /* ButtonFrames.swift */; };
		2EC6380021674C2E009FE6EB /* ImageViewFrames.swift in Sources */ = {isa = PBXBuildFile; fileRef = 2EC637FF21674C2E009FE6EB /* ImageViewFrames.swift */; };
		2EE44524216B57D500C5CE8F /* LoginModel.swift in Sources */ = {isa = PBXBuildFile; fileRef = 2EE44523216B57D500C5CE8F /* LoginModel.swift */; };
		2EF7242E218EFDFF00341C1F /* ResetViewModel.swift in Sources */ = {isa = PBXBuildFile; fileRef = 2EF7242D218EFDFF00341C1F /* ResetViewModel.swift */; };
		2EF72430218F00C800341C1F /* ResetModel.swift in Sources */ = {isa = PBXBuildFile; fileRef = 2EF7242F218F00C800341C1F /* ResetModel.swift */; };
		2EF72432218F098400341C1F /* SignUpViewModel.swift in Sources */ = {isa = PBXBuildFile; fileRef = 2EF72431218F098400341C1F /* SignUpViewModel.swift */; };
		2EF72434218F0BCB00341C1F /* SingUpModel.swift in Sources */ = {isa = PBXBuildFile; fileRef = 2EF72433218F0BCB00341C1F /* SingUpModel.swift */; };
		2EF72436218F7D3F00341C1F /* Models.scnassets in Resources */ = {isa = PBXBuildFile; fileRef = 2EF72435218F7D3F00341C1F /* Models.scnassets */; };
		9B8CC003FC4AEC65053F70E0 /* Pods_FurnitureFuture.framework in Frameworks */ = {isa = PBXBuildFile; fileRef = A1F3AAFA2DC44F7C286B51FF /* Pods_FurnitureFuture.framework */; };
/* End PBXBuildFile section */

/* Begin PBXFileReference section */
		2CFAFF6F870CAED4A3DEF463 /* Pods-FurnitureFuture.release.xcconfig */ = {isa = PBXFileReference; includeInIndex = 1; lastKnownFileType = text.xcconfig; name = "Pods-FurnitureFuture.release.xcconfig"; path = "Pods/Target Support Files/Pods-FurnitureFuture/Pods-FurnitureFuture.release.xcconfig"; sourceTree = "<group>"; };
		2E20D08F2167F322009BC085 /* LogInViewModel.swift */ = {isa = PBXFileReference; lastKnownFileType = sourcecode.swift; path = LogInViewModel.swift; sourceTree = "<group>"; };
		2E27C7C5218F891600C57636 /* DesignViewModel.swift */ = {isa = PBXFileReference; lastKnownFileType = sourcecode.swift; path = DesignViewModel.swift; sourceTree = "<group>"; };
		2E27C7C7218F898900C57636 /* DesignModel.swift */ = {isa = PBXFileReference; lastKnownFileType = sourcecode.swift; path = DesignModel.swift; sourceTree = "<group>"; };
		2E9EAF75216B5D06004B173F /* GoogleService-Info.plist */ = {isa = PBXFileReference; fileEncoding = 4; lastKnownFileType = text.plist.xml; path = "GoogleService-Info.plist"; sourceTree = "<group>"; };
		2EC637E221672955009FE6EB /* FurnitureFuture.app */ = {isa = PBXFileReference; explicitFileType = wrapper.application; includeInIndex = 0; path = FurnitureFuture.app; sourceTree = BUILT_PRODUCTS_DIR; };
		2EC637E521672955009FE6EB /* AppDelegate.swift */ = {isa = PBXFileReference; lastKnownFileType = sourcecode.swift; path = AppDelegate.swift; sourceTree = "<group>"; };
		2EC637EA21672955009FE6EB /* Base */ = {isa = PBXFileReference; lastKnownFileType = file.storyboard; name = Base; path = Base.lproj/Main.storyboard; sourceTree = "<group>"; };
		2EC637ED21672955009FE6EB /* FurnitureFuture.xcdatamodel */ = {isa = PBXFileReference; lastKnownFileType = wrapper.xcdatamodel; path = FurnitureFuture.xcdatamodel; sourceTree = "<group>"; };
		2EC637EF21672956009FE6EB /* Assets.xcassets */ = {isa = PBXFileReference; lastKnownFileType = folder.assetcatalog; path = Assets.xcassets; sourceTree = "<group>"; };
		2EC637F221672956009FE6EB /* Base */ = {isa = PBXFileReference; lastKnownFileType = file.storyboard; name = Base; path = Base.lproj/LaunchScreen.storyboard; sourceTree = "<group>"; };
		2EC637F421672956009FE6EB /* Info.plist */ = {isa = PBXFileReference; lastKnownFileType = text.plist.xml; path = Info.plist; sourceTree = "<group>"; };
		2EC637FD21674B66009FE6EB /* ButtonFrames.swift */ = {isa = PBXFileReference; lastKnownFileType = sourcecode.swift; path = ButtonFrames.swift; sourceTree = "<group>"; };
		2EC637FF21674C2E009FE6EB /* ImageViewFrames.swift */ = {isa = PBXFileReference; lastKnownFileType = sourcecode.swift; path = ImageViewFrames.swift; sourceTree = "<group>"; };
		2EE44523216B57D500C5CE8F /* LoginModel.swift */ = {isa = PBXFileReference; lastKnownFileType = sourcecode.swift; path = LoginModel.swift; sourceTree = "<group>"; };
		2EF7242D218EFDFF00341C1F /* ResetViewModel.swift */ = {isa = PBXFileReference; lastKnownFileType = sourcecode.swift; path = ResetViewModel.swift; sourceTree = "<group>"; };
		2EF7242F218F00C800341C1F /* ResetModel.swift */ = {isa = PBXFileReference; lastKnownFileType = sourcecode.swift; path = ResetModel.swift; sourceTree = "<group>"; };
		2EF72431218F098400341C1F /* SignUpViewModel.swift */ = {isa = PBXFileReference; lastKnownFileType = sourcecode.swift; path = SignUpViewModel.swift; sourceTree = "<group>"; };
		2EF72433218F0BCB00341C1F /* SingUpModel.swift */ = {isa = PBXFileReference; lastKnownFileType = sourcecode.swift; path = SingUpModel.swift; sourceTree = "<group>"; };
		2EF72435218F7D3F00341C1F /* Models.scnassets */ = {isa = PBXFileReference; lastKnownFileType = wrapper.scnassets; path = Models.scnassets; sourceTree = "<group>"; };
		6D94DE6CB0B0CFA99EDAC90F /* Pods-FurnitureFuture.debug.xcconfig */ = {isa = PBXFileReference; includeInIndex = 1; lastKnownFileType = text.xcconfig; name = "Pods-FurnitureFuture.debug.xcconfig"; path = "Pods/Target Support Files/Pods-FurnitureFuture/Pods-FurnitureFuture.debug.xcconfig"; sourceTree = "<group>"; };
		A1F3AAFA2DC44F7C286B51FF /* Pods_FurnitureFuture.framework */ = {isa = PBXFileReference; explicitFileType = wrapper.framework; includeInIndex = 0; path = Pods_FurnitureFuture.framework; sourceTree = BUILT_PRODUCTS_DIR; };
/* End PBXFileReference section */

/* Begin PBXFrameworksBuildPhase section */
		2EC637DF21672955009FE6EB /* Frameworks */ = {
			isa = PBXFrameworksBuildPhase;
			buildActionMask = 2147483647;
			files = (
				9B8CC003FC4AEC65053F70E0 /* Pods_FurnitureFuture.framework in Frameworks */,
			);
			runOnlyForDeploymentPostprocessing = 0;
		};
/* End PBXFrameworksBuildPhase section */

/* Begin PBXGroup section */
		2E6808EC218EF5C800076C11 /* Resources */ = {
			isa = PBXGroup;
			children = (
				2EC637F421672956009FE6EB /* Info.plist */,
				2EC637EC21672955009FE6EB /* FurnitureFuture.xcdatamodeld */,
				2E9EAF75216B5D06004B173F /* GoogleService-Info.plist */,
				2EC637EF21672956009FE6EB /* Assets.xcassets */,
				2EC637E521672955009FE6EB /* AppDelegate.swift */,
			);
			path = Resources;
			sourceTree = "<group>";
		};
		2EC637D921672955009FE6EB = {
			isa = PBXGroup;
			children = (
				2EC637E421672955009FE6EB /* FurnitureFuture */,
				2EC637E321672955009FE6EB /* Products */,
				9535D8ED0F2B5587194454F8 /* Pods */,
				5760E8E1569642D452F6030C /* Frameworks */,
			);
			sourceTree = "<group>";
		};
		2EC637E321672955009FE6EB /* Products */ = {
			isa = PBXGroup;
			children = (
				2EC637E221672955009FE6EB /* FurnitureFuture.app */,
			);
			name = Products;
			sourceTree = "<group>";
		};
		2EC637E421672955009FE6EB /* FurnitureFuture */ = {
			isa = PBXGroup;
			children = (
				2EF72435218F7D3F00341C1F /* Models.scnassets */,
				2E6808EC218EF5C800076C11 /* Resources */,
				2EC637FC21674B2B009FE6EB /* ViewModel */,
				2EC637FB21674B14009FE6EB /* Model */,
				2EC637FA21674AF6009FE6EB /* Views */,
			);
			path = FurnitureFuture;
			sourceTree = "<group>";
		};
		2EC637FA21674AF6009FE6EB /* Views */ = {
			isa = PBXGroup;
			children = (
				2EC637FD21674B66009FE6EB /* ButtonFrames.swift */,
				2EC637FF21674C2E009FE6EB /* ImageViewFrames.swift */,
				2EC637E921672955009FE6EB /* Main.storyboard */,
				2EC637F121672956009FE6EB /* LaunchScreen.storyboard */,
			);
			path = Views;
			sourceTree = "<group>";
		};
		2EC637FB21674B14009FE6EB /* Model */ = {
			isa = PBXGroup;
			children = (
				2EE44523216B57D500C5CE8F /* LoginModel.swift */,
				2EF7242F218F00C800341C1F /* ResetModel.swift */,
				2EF72433218F0BCB00341C1F /* SingUpModel.swift */,
				2E27C7C7218F898900C57636 /* DesignModel.swift */,
			);
			path = Model;
			sourceTree = "<group>";
		};
		2EC637FC21674B2B009FE6EB /* ViewModel */ = {
			isa = PBXGroup;
			children = (
				2E20D08F2167F322009BC085 /* LogInViewModel.swift */,
				2EF7242D218EFDFF00341C1F /* ResetViewModel.swift */,
				2EF72431218F098400341C1F /* SignUpViewModel.swift */,
				2E27C7C5218F891600C57636 /* DesignViewModel.swift */,
			);
			path = ViewModel;
			sourceTree = "<group>";
		};
		5760E8E1569642D452F6030C /* Frameworks */ = {
			isa = PBXGroup;
			children = (
				A1F3AAFA2DC44F7C286B51FF /* Pods_FurnitureFuture.framework */,
			);
			name = Frameworks;
			sourceTree = "<group>";
		};
		9535D8ED0F2B5587194454F8 /* Pods */ = {
			isa = PBXGroup;
			children = (
				6D94DE6CB0B0CFA99EDAC90F /* Pods-FurnitureFuture.debug.xcconfig */,
				2CFAFF6F870CAED4A3DEF463 /* Pods-FurnitureFuture.release.xcconfig */,
			);
			name = Pods;
			sourceTree = "<group>";
		};
/* End PBXGroup section */

/* Begin PBXNativeTarget section */
		2EC637E121672955009FE6EB /* FurnitureFuture */ = {
			isa = PBXNativeTarget;
			buildConfigurationList = 2EC637F721672956009FE6EB /* Build configuration list for PBXNativeTarget "FurnitureFuture" */;
			buildPhases = (
				EB69D2F494716C013FC2C4D2 /* [CP] Check Pods Manifest.lock */,
				2EC637DE21672955009FE6EB /* Sources */,
				2EC637DF21672955009FE6EB /* Frameworks */,
				2EC637E021672955009FE6EB /* Resources */,
				594BF1513292C435A7F7860E /* [CP] Embed Pods Frameworks */,
			);
			buildRules = (
			);
			dependencies = (
			);
			name = FurnitureFuture;
			productName = FurnitureFuture;
			productReference = 2EC637E221672955009FE6EB /* FurnitureFuture.app */;
			productType = "com.apple.product-type.application";
		};
/* End PBXNativeTarget section */

/* Begin PBXProject section */
		2EC637DA21672955009FE6EB /* Project object */ = {
			isa = PBXProject;
			attributes = {
				LastSwiftUpdateCheck = 1000;
				LastUpgradeCheck = 1000;
				ORGANIZATIONNAME = Wojtek;
				TargetAttributes = {
					2EC637E121672955009FE6EB = {
						CreatedOnToolsVersion = 10.0;
					};
				};
			};
			buildConfigurationList = 2EC637DD21672955009FE6EB /* Build configuration list for PBXProject "FurnitureFuture" */;
			compatibilityVersion = "Xcode 9.3";
			developmentRegion = en;
			hasScannedForEncodings = 0;
			knownRegions = (
				en,
				Base,
			);
			mainGroup = 2EC637D921672955009FE6EB;
			productRefGroup = 2EC637E321672955009FE6EB /* Products */;
			projectDirPath = "";
			projectRoot = "";
			targets = (
				2EC637E121672955009FE6EB /* FurnitureFuture */,
			);
		};
/* End PBXProject section */

/* Begin PBXResourcesBuildPhase section */
		2EC637E021672955009FE6EB /* Resources */ = {
			isa = PBXResourcesBuildPhase;
			buildActionMask = 2147483647;
			files = (
				2EC637F321672956009FE6EB /* LaunchScreen.storyboard in Resources */,
				2E9EAF76216B5D06004B173F /* GoogleService-Info.plist in Resources */,
				2EC637F021672956009FE6EB /* Assets.xcassets in Resources */,
				2EF72436218F7D3F00341C1F /* Models.scnassets in Resources */,
				2EC637EB21672955009FE6EB /* Main.storyboard in Resources */,
			);
			runOnlyForDeploymentPostprocessing = 0;
		};
/* End PBXResourcesBuildPhase section */

/* Begin PBXShellScriptBuildPhase section */
		594BF1513292C435A7F7860E /* [CP] Embed Pods Frameworks */ = {
			isa = PBXShellScriptBuildPhase;
			buildActionMask = 2147483647;
			files = (
			);
			inputFileListPaths = (
			);
			inputPaths = (
				"${SRCROOT}/Pods/Target Support Files/Pods-FurnitureFuture/Pods-FurnitureFuture-frameworks.sh",
				"${BUILT_PRODUCTS_DIR}/GTMSessionFetcher/GTMSessionFetcher.framework",
				"${BUILT_PRODUCTS_DIR}/GoogleUtilities/GoogleUtilities.framework",
				"${BUILT_PRODUCTS_DIR}/SCLAlertView/SCLAlertView.framework",
				"${BUILT_PRODUCTS_DIR}/iProgressHUD/iProgressHUD.framework",
				"${BUILT_PRODUCTS_DIR}/leveldb-library/leveldb.framework",
				"${BUILT_PRODUCTS_DIR}/nanopb/nanopb.framework",
			);
			name = "[CP] Embed Pods Frameworks";
			outputFileListPaths = (
			);
			outputPaths = (
				"${TARGET_BUILD_DIR}/${FRAMEWORKS_FOLDER_PATH}/GTMSessionFetcher.framework",
				"${TARGET_BUILD_DIR}/${FRAMEWORKS_FOLDER_PATH}/GoogleUtilities.framework",
				"${TARGET_BUILD_DIR}/${FRAMEWORKS_FOLDER_PATH}/SCLAlertView.framework",
				"${TARGET_BUILD_DIR}/${FRAMEWORKS_FOLDER_PATH}/iProgressHUD.framework",
				"${TARGET_BUILD_DIR}/${FRAMEWORKS_FOLDER_PATH}/leveldb.framework",
				"${TARGET_BUILD_DIR}/${FRAMEWORKS_FOLDER_PATH}/nanopb.framework",
			);
			runOnlyForDeploymentPostprocessing = 0;
			shellPath = /bin/sh;
			shellScript = "\"${SRCROOT}/Pods/Target Support Files/Pods-FurnitureFuture/Pods-FurnitureFuture-frameworks.sh\"\n";
			showEnvVarsInLog = 0;
		};
		EB69D2F494716C013FC2C4D2 /* [CP] Check Pods Manifest.lock */ = {
			isa = PBXShellScriptBuildPhase;
			buildActionMask = 2147483647;
			files = (
			);
			inputFileListPaths = (
			);
			inputPaths = (
				"${PODS_PODFILE_DIR_PATH}/Podfile.lock",
				"${PODS_ROOT}/Manifest.lock",
			);
			name = "[CP] Check Pods Manifest.lock";
			outputFileListPaths = (
			);
			outputPaths = (
				"$(DERIVED_FILE_DIR)/Pods-FurnitureFuture-checkManifestLockResult.txt",
			);
			runOnlyForDeploymentPostprocessing = 0;
			shellPath = /bin/sh;
			shellScript = "diff \"${PODS_PODFILE_DIR_PATH}/Podfile.lock\" \"${PODS_ROOT}/Manifest.lock\" > /dev/null\nif [ $? != 0 ] ; then\n    # print error to STDERR\n    echo \"error: The sandbox is not in sync with the Podfile.lock. Run 'pod install' or update your CocoaPods installation.\" >&2\n    exit 1\nfi\n# This output is used by Xcode 'outputs' to avoid re-running this script phase.\necho \"SUCCESS\" > \"${SCRIPT_OUTPUT_FILE_0}\"\n";
			showEnvVarsInLog = 0;
		};
/* End PBXShellScriptBuildPhase section */

/* Begin PBXSourcesBuildPhase section */
		2EC637DE21672955009FE6EB /* Sources */ = {
			isa = PBXSourcesBuildPhase;
			buildActionMask = 2147483647;
			files = (
				2EC637E621672955009FE6EB /* AppDelegate.swift in Sources */,
				2EF7242E218EFDFF00341C1F /* ResetViewModel.swift in Sources */,
				2EC637EE21672955009FE6EB /* FurnitureFuture.xcdatamodeld in Sources */,
				2EE44524216B57D500C5CE8F /* LoginModel.swift in Sources */,
				2EF72432218F098400341C1F /* SignUpViewModel.swift in Sources */,
				2E27C7C6218F891600C57636 /* DesignViewModel.swift in Sources */,
				2E27C7C8218F898900C57636 /* DesignModel.swift in Sources */,
				2EF72434218F0BCB00341C1F /* SingUpModel.swift in Sources */,
				2EC637FE21674B66009FE6EB /* ButtonFrames.swift in Sources */,
				2E20D0902167F322009BC085 /* LogInViewModel.swift in Sources */,
				2EC6380021674C2E009FE6EB /* ImageViewFrames.swift in Sources */,
				2EF72430218F00C800341C1F /* ResetModel.swift in Sources */,
			);
			runOnlyForDeploymentPostprocessing = 0;
		};
/* End PBXSourcesBuildPhase section */

/* Begin PBXVariantGroup section */
		2EC637E921672955009FE6EB /* Main.storyboard */ = {
			isa = PBXVariantGroup;
			children = (
				2EC637EA21672955009FE6EB /* Base */,
			);
			name = Main.storyboard;
			sourceTree = "<group>";
		};
		2EC637F121672956009FE6EB /* LaunchScreen.storyboard */ = {
			isa = PBXVariantGroup;
			children = (
				2EC637F221672956009FE6EB /* Base */,
			);
			name = LaunchScreen.storyboard;
			sourceTree = "<group>";
		};
/* End PBXVariantGroup section */

/* Begin XCBuildConfiguration section */
		2EC637F521672956009FE6EB /* Debug */ = {
			isa = XCBuildConfiguration;
			buildSettings = {
				ALWAYS_SEARCH_USER_PATHS = NO;
				CLANG_ANALYZER_NONNULL = YES;
				CLANG_ANALYZER_NUMBER_OBJECT_CONVERSION = YES_AGGRESSIVE;
				CLANG_CXX_LANGUAGE_STANDARD = "gnu++14";
				CLANG_CXX_LIBRARY = "libc++";
				CLANG_ENABLE_MODULES = YES;
				CLANG_ENABLE_OBJC_ARC = YES;
				CLANG_ENABLE_OBJC_WEAK = YES;
				CLANG_WARN_BLOCK_CAPTURE_AUTORELEASING = YES;
				CLANG_WARN_BOOL_CONVERSION = YES;
				CLANG_WARN_COMMA = YES;
				CLANG_WARN_CONSTANT_CONVERSION = YES;
				CLANG_WARN_DEPRECATED_OBJC_IMPLEMENTATIONS = YES;
				CLANG_WARN_DIRECT_OBJC_ISA_USAGE = YES_ERROR;
				CLANG_WARN_DOCUMENTATION_COMMENTS = YES;
				CLANG_WARN_EMPTY_BODY = YES;
				CLANG_WARN_ENUM_CONVERSION = YES;
				CLANG_WARN_INFINITE_RECURSION = YES;
				CLANG_WARN_INT_CONVERSION = YES;
				CLANG_WARN_NON_LITERAL_NULL_CONVERSION = YES;
				CLANG_WARN_OBJC_IMPLICIT_RETAIN_SELF = YES;
				CLANG_WARN_OBJC_LITERAL_CONVERSION = YES;
				CLANG_WARN_OBJC_ROOT_CLASS = YES_ERROR;
				CLANG_WARN_RANGE_LOOP_ANALYSIS = YES;
				CLANG_WARN_STRICT_PROTOTYPES = YES;
				CLANG_WARN_SUSPICIOUS_MOVE = YES;
				CLANG_WARN_UNGUARDED_AVAILABILITY = YES_AGGRESSIVE;
				CLANG_WARN_UNREACHABLE_CODE = YES;
				CLANG_WARN__DUPLICATE_METHOD_MATCH = YES;
				CODE_SIGN_IDENTITY = "iPhone Developer";
				COPY_PHASE_STRIP = NO;
				DEBUG_INFORMATION_FORMAT = dwarf;
				ENABLE_STRICT_OBJC_MSGSEND = YES;
				ENABLE_TESTABILITY = YES;
				GCC_C_LANGUAGE_STANDARD = gnu11;
				GCC_DYNAMIC_NO_PIC = NO;
				GCC_NO_COMMON_BLOCKS = YES;
				GCC_OPTIMIZATION_LEVEL = 0;
				GCC_PREPROCESSOR_DEFINITIONS = (
					"DEBUG=1",
					"$(inherited)",
				);
				GCC_WARN_64_TO_32_BIT_CONVERSION = YES;
				GCC_WARN_ABOUT_RETURN_TYPE = YES_ERROR;
				GCC_WARN_UNDECLARED_SELECTOR = YES;
				GCC_WARN_UNINITIALIZED_AUTOS = YES_AGGRESSIVE;
				GCC_WARN_UNUSED_FUNCTION = YES;
				GCC_WARN_UNUSED_VARIABLE = YES;
				IPHONEOS_DEPLOYMENT_TARGET = 12.0;
				MTL_ENABLE_DEBUG_INFO = INCLUDE_SOURCE;
				MTL_FAST_MATH = YES;
				ONLY_ACTIVE_ARCH = YES;
				SDKROOT = iphoneos;
				SWIFT_ACTIVE_COMPILATION_CONDITIONS = DEBUG;
				SWIFT_OPTIMIZATION_LEVEL = "-Onone";
			};
			name = Debug;
		};
		2EC637F621672956009FE6EB /* Release */ = {
			isa = XCBuildConfiguration;
			buildSettings = {
				ALWAYS_SEARCH_USER_PATHS = NO;
				CLANG_ANALYZER_NONNULL = YES;
				CLANG_ANALYZER_NUMBER_OBJECT_CONVERSION = YES_AGGRESSIVE;
				CLANG_CXX_LANGUAGE_STANDARD = "gnu++14";
				CLANG_CXX_LIBRARY = "libc++";
				CLANG_ENABLE_MODULES = YES;
				CLANG_ENABLE_OBJC_ARC = YES;
				CLANG_ENABLE_OBJC_WEAK = YES;
				CLANG_WARN_BLOCK_CAPTURE_AUTORELEASING = YES;
				CLANG_WARN_BOOL_CONVERSION = YES;
				CLANG_WARN_COMMA = YES;
				CLANG_WARN_CONSTANT_CONVERSION = YES;
				CLANG_WARN_DEPRECATED_OBJC_IMPLEMENTATIONS = YES;
				CLANG_WARN_DIRECT_OBJC_ISA_USAGE = YES_ERROR;
				CLANG_WARN_DOCUMENTATION_COMMENTS = YES;
				CLANG_WARN_EMPTY_BODY = YES;
				CLANG_WARN_ENUM_CONVERSION = YES;
				CLANG_WARN_INFINITE_RECURSION = YES;
				CLANG_WARN_INT_CONVERSION = YES;
				CLANG_WARN_NON_LITERAL_NULL_CONVERSION = YES;
				CLANG_WARN_OBJC_IMPLICIT_RETAIN_SELF = YES;
				CLANG_WARN_OBJC_LITERAL_CONVERSION = YES;
				CLANG_WARN_OBJC_ROOT_CLASS = YES_ERROR;
				CLANG_WARN_RANGE_LOOP_ANALYSIS = YES;
				CLANG_WARN_STRICT_PROTOTYPES = YES;
				CLANG_WARN_SUSPICIOUS_MOVE = YES;
				CLANG_WARN_UNGUARDED_AVAILABILITY = YES_AGGRESSIVE;
				CLANG_WARN_UNREACHABLE_CODE = YES;
				CLANG_WARN__DUPLICATE_METHOD_MATCH = YES;
				CODE_SIGN_IDENTITY = "iPhone Developer";
				COPY_PHASE_STRIP = NO;
				DEBUG_INFORMATION_FORMAT = "dwarf-with-dsym";
				ENABLE_NS_ASSERTIONS = NO;
				ENABLE_STRICT_OBJC_MSGSEND = YES;
				GCC_C_LANGUAGE_STANDARD = gnu11;
				GCC_NO_COMMON_BLOCKS = YES;
				GCC_WARN_64_TO_32_BIT_CONVERSION = YES;
				GCC_WARN_ABOUT_RETURN_TYPE = YES_ERROR;
				GCC_WARN_UNDECLARED_SELECTOR = YES;
				GCC_WARN_UNINITIALIZED_AUTOS = YES_AGGRESSIVE;
				GCC_WARN_UNUSED_FUNCTION = YES;
				GCC_WARN_UNUSED_VARIABLE = YES;
				IPHONEOS_DEPLOYMENT_TARGET = 12.0;
				MTL_ENABLE_DEBUG_INFO = NO;
				MTL_FAST_MATH = YES;
				SDKROOT = iphoneos;
				SWIFT_COMPILATION_MODE = wholemodule;
				SWIFT_OPTIMIZATION_LEVEL = "-O";
				VALIDATE_PRODUCT = YES;
			};
			name = Release;
		};
		2EC637F821672956009FE6EB /* Debug */ = {
			isa = XCBuildConfiguration;
			baseConfigurationReference = 6D94DE6CB0B0CFA99EDAC90F /* Pods-FurnitureFuture.debug.xcconfig */;
			buildSettings = {
				ASSETCATALOG_COMPILER_APPICON_NAME = AppIcon;
				CODE_SIGN_STYLE = Automatic;
				DEVELOPMENT_TEAM = J4563W7S2E;
				INFOPLIST_FILE = FurnitureFuture/Resources/Info.plist;
				LD_RUNPATH_SEARCH_PATHS = (
					"$(inherited)",
					"@executable_path/Frameworks",
				);
				PRODUCT_BUNDLE_IDENTIFIER = com.bestontop.wojtek.FurnitureFuture;
				PRODUCT_NAME = "$(TARGET_NAME)";
				SWIFT_VERSION = 4.2;
				TARGETED_DEVICE_FAMILY = "1,2";
			};
			name = Debug;
		};
		2EC637F921672956009FE6EB /* Release */ = {
			isa = XCBuildConfiguration;
			baseConfigurationReference = 2CFAFF6F870CAED4A3DEF463 /* Pods-FurnitureFuture.release.xcconfig */;
			buildSettings = {
				ASSETCATALOG_COMPILER_APPICON_NAME = AppIcon;
				CODE_SIGN_STYLE = Automatic;
				DEVELOPMENT_TEAM = J4563W7S2E;
				INFOPLIST_FILE = FurnitureFuture/Resources/Info.plist;
				LD_RUNPATH_SEARCH_PATHS = (
					"$(inherited)",
					"@executable_path/Frameworks",
				);
				PRODUCT_BUNDLE_IDENTIFIER = com.bestontop.wojtek.FurnitureFuture;
				PRODUCT_NAME = "$(TARGET_NAME)";
				SWIFT_VERSION = 4.2;
				TARGETED_DEVICE_FAMILY = "1,2";
			};
			name = Release;
		};
/* End XCBuildConfiguration section */

/* Begin XCConfigurationList section */
		2EC637DD21672955009FE6EB /* Build configuration list for PBXProject "FurnitureFuture" */ = {
			isa = XCConfigurationList;
			buildConfigurations = (
				2EC637F521672956009FE6EB /* Debug */,
				2EC637F621672956009FE6EB /* Release */,
			);
			defaultConfigurationIsVisible = 0;
			defaultConfigurationName = Release;
		};
		2EC637F721672956009FE6EB /* Build configuration list for PBXNativeTarget "FurnitureFuture" */ = {
			isa = XCConfigurationList;
			buildConfigurations = (
				2EC637F821672956009FE6EB /* Debug */,
				2EC637F921672956009FE6EB /* Release */,
			);
			defaultConfigurationIsVisible = 0;
			defaultConfigurationName = Release;
		};
/* End XCConfigurationList section */

/* Begin XCVersionGroup section */
		2EC637EC21672955009FE6EB /* FurnitureFuture.xcdatamodeld */ = {
			isa = XCVersionGroup;
			children = (
				2EC637ED21672955009FE6EB /* FurnitureFuture.xcdatamodel */,
			);
			currentVersion = 2EC637ED21672955009FE6EB /* FurnitureFuture.xcdatamodel */;
			path = FurnitureFuture.xcdatamodeld;
			sourceTree = "<group>";
			versionGroupType = wrapper.xcdatamodel;
		};
/* End XCVersionGroup section */
	};
	rootObject = 2EC637DA21672955009FE6EB /* Project object */;
}
